
Microsoft Visual Studio Solution File, Format Version 12.00
# Visual Studio Version 16
VisualStudioVersion = 16.0.31105.61
MinimumVisualStudioVersion = 10.0.40219.1
Project("{FAE04EC0-301F-11D3-BF4B-00C04F79EFBC}") = "SyntaxFirstProject", "SyntaxFirstProject\SyntaxFirstProject.csproj", "{8B703779-49B0-47D2-B519-1F4B0D94CFCC}"
EndProject
Global
	GlobalSection(SolutionConfigurationPlatforms) = preSolution
		Debug|Any CPU = Debug|Any CPU
		Release|Any CPU = Release|Any CPU
	EndGlobalSection
	GlobalSection(ProjectConfigurationPlatforms) = postSolution
		{8B703779-49B0-47D2-B519-1F4B0D94CFCC}.Debug|Any CPU.ActiveCfg = Debug|Any CPU
		{8B703779-49B0-47D2-B519-1F4B0D94CFCC}.Debug|Any CPU.Build.0 = Debug|Any CPU
		{8B703779-49B0-47D2-B519-1F4B0D94CFCC}.Release|Any CPU.ActiveCfg = Release|Any CPU
		{8B703779-49B0-47D2-B519-1F4B0D94CFCC}.Release|Any CPU.Build.0 = Release|Any CPU
	EndGlobalSection
	GlobalSection(SolutionProperties) = preSolution
		HideSolutionNode = FALSE
	EndGlobalSection
	GlobalSection(ExtensibilityGlobals) = postSolution
		SolutionGuid = {0DE1EA53-E8C6-4A9D-B653-61CF09359ADD}
	EndGlobalSection
EndGlobal
